
Microsoft Visual Studio Solution File, Format Version 12.00
# Visual Studio Version 16
VisualStudioVersion = 16.0.31613.86
MinimumVisualStudioVersion = 10.0.40219.1
Project("{9A19103F-16F7-4668-BE54-9A1E7A4F7556}") = "FileTree.Library", "FileTree.Library\FileTree.Library.csproj", "{678D9652-A85E-4852-8BD3-65CE2843559D}"
EndProject
Project("{FAE04EC0-301F-11D3-BF4B-00C04F79EFBC}") = "Test", "Test\Test.csproj", "{279CB408-8B3B-46CA-9238-A13CCB2C9E5C}"
EndProject
Global
	GlobalSection(SolutionConfigurationPlatforms) = preSolution
		Debug|Any CPU = Debug|Any CPU
		Release|Any CPU = Release|Any CPU
	EndGlobalSection
	GlobalSection(ProjectConfigurationPlatforms) = postSolution
		{678D9652-A85E-4852-8BD3-65CE2843559D}.Debug|Any CPU.ActiveCfg = Debug|Any CPU
		{678D9652-A85E-4852-8BD3-65CE2843559D}.Debug|Any CPU.Build.0 = Debug|Any CPU
		{678D9652-A85E-4852-8BD3-65CE2843559D}.Release|Any CPU.ActiveCfg = Release|Any CPU
		{678D9652-A85E-4852-8BD3-65CE2843559D}.Release|Any CPU.Build.0 = Release|Any CPU
		{279CB408-8B3B-46CA-9238-A13CCB2C9E5C}.Debug|Any CPU.ActiveCfg = Debug|Any CPU
		{279CB408-8B3B-46CA-9238-A13CCB2C9E5C}.Debug|Any CPU.Build.0 = Debug|Any CPU
		{279CB408-8B3B-46CA-9238-A13CCB2C9E5C}.Release|Any CPU.ActiveCfg = Release|Any CPU
		{279CB408-8B3B-46CA-9238-A13CCB2C9E5C}.Release|Any CPU.Build.0 = Release|Any CPU
	EndGlobalSection
	GlobalSection(SolutionProperties) = preSolution
		HideSolutionNode = FALSE
	EndGlobalSection
	GlobalSection(ExtensibilityGlobals) = postSolution
		SolutionGuid = {A624F341-E835-45C7-8FCA-6B94C5DAEB10}
	EndGlobalSection
EndGlobal
